
Microsoft Visual Studio Solution File, Format Version 12.00
# Visual Studio 16
Project("{FAE04EC0-301F-11D3-BF4B-00C04F79EFBC}") = "Assembly-CSharp", "Assembly-CSharp.csproj", "{F2A25A17-F5C9-F65F-5D2D-CB5ED59C603E}"
EndProject
Project("{FAE04EC0-301F-11D3-BF4B-00C04F79EFBC}") = "Assembly-CSharp-Editor", "Assembly-CSharp-Editor.csproj", "{22948D28-07BA-4205-8DB5-58A2B46B10DF}"
EndProject
Global
	GlobalSection(SolutionConfigurationPlatforms) = preSolution
		Debug|Any CPU = Debug|Any CPU
		Release|Any CPU = Release|Any CPU
	EndGlobalSection
	GlobalSection(ProjectConfigurationPlatforms) = postSolution
		{F2A25A17-F5C9-F65F-5D2D-CB5ED59C603E}.Debug|Any CPU.ActiveCfg = Debug|Any CPU
		{F2A25A17-F5C9-F65F-5D2D-CB5ED59C603E}.Debug|Any CPU.Build.0 = Debug|Any CPU
		{F2A25A17-F5C9-F65F-5D2D-CB5ED59C603E}.Release|Any CPU.ActiveCfg = Release|Any CPU
		{F2A25A17-F5C9-F65F-5D2D-CB5ED59C603E}.Release|Any CPU.Build.0 = Release|Any CPU
		{22948D28-07BA-4205-8DB5-58A2B46B10DF}.Debug|Any CPU.ActiveCfg = Debug|Any CPU
		{22948D28-07BA-4205-8DB5-58A2B46B10DF}.Debug|Any CPU.Build.0 = Debug|Any CPU
		{22948D28-07BA-4205-8DB5-58A2B46B10DF}.Release|Any CPU.ActiveCfg = Release|Any CPU
		{22948D28-07BA-4205-8DB5-58A2B46B10DF}.Release|Any CPU.Build.0 = Release|Any CPU
	EndGlobalSection
	GlobalSection(SolutionProperties) = preSolution
		HideSolutionNode = FALSE
	EndGlobalSection
EndGlobal
